
Microsoft Visual Studio Solution File, Format Version 12.00
# Visual Studio Version 17
VisualStudioVersion = 17.0.31903.59
MinimumVisualStudioVersion = 10.0.40219.1
Project("{2150E333-8FDC-42A3-9474-1A3956D46DE8}") = "BUSINESSLOGIC", "BUSINESSLOGIC", "{068BD169-9733-4383-A74B-40AEA1880402}"
EndProject
Project("{2150E333-8FDC-42A3-9474-1A3956D46DE8}") = "REPOSITORY", "REPOSITORY", "{2166B379-1752-4886-9EB4-C7DBE9423FF4}"
EndProject
Project("{2150E333-8FDC-42A3-9474-1A3956D46DE8}") = "API", "API", "{5C979006-7C54-4284-8864-95A04BE25FAF}"
EndProject
Project("{FAE04EC0-301F-11D3-BF4B-00C04F79EFBC}") = "GTI.CADASTRO.REPOSITORY", "GTI.CADASTRO.REPOSITORY\GTI.CADASTRO.REPOSITORY.csproj", "{6D8996B8-8465-435F-9C5F-208846265CCD}"
EndProject
Project("{FAE04EC0-301F-11D3-BF4B-00C04F79EFBC}") = "GTI.CADASTRO.BUSINESSLOGIC", "GTI.CADASTRO.BUSINESSLOGIC\GTI.CADASTRO.BUSINESSLOGIC.csproj", "{022CCB5D-2000-44B0-A66B-35513F8DB3D9}"
	ProjectSection(ProjectDependencies) = postProject
		{6D8996B8-8465-435F-9C5F-208846265CCD} = {6D8996B8-8465-435F-9C5F-208846265CCD}
	EndProjectSection
EndProject
Project("{FAE04EC0-301F-11D3-BF4B-00C04F79EFBC}") = "GTI.CADASTRO.API", "GTI.CADASTRO.API\GTI.CADASTRO.API.csproj", "{421C5BF9-43A0-4C7D-ACD5-49E045CE870C}"
	ProjectSection(ProjectDependencies) = postProject
		{022CCB5D-2000-44B0-A66B-35513F8DB3D9} = {022CCB5D-2000-44B0-A66B-35513F8DB3D9}
	EndProjectSection
EndProject
Global
	GlobalSection(SolutionConfigurationPlatforms) = preSolution
		Debug|Any CPU = Debug|Any CPU
		Release|Any CPU = Release|Any CPU
	EndGlobalSection
	GlobalSection(ProjectConfigurationPlatforms) = postSolution
		{6D8996B8-8465-435F-9C5F-208846265CCD}.Debug|Any CPU.ActiveCfg = Debug|Any CPU
		{6D8996B8-8465-435F-9C5F-208846265CCD}.Debug|Any CPU.Build.0 = Debug|Any CPU
		{6D8996B8-8465-435F-9C5F-208846265CCD}.Release|Any CPU.ActiveCfg = Release|Any CPU
		{6D8996B8-8465-435F-9C5F-208846265CCD}.Release|Any CPU.Build.0 = Release|Any CPU
		{022CCB5D-2000-44B0-A66B-35513F8DB3D9}.Debug|Any CPU.ActiveCfg = Debug|Any CPU
		{022CCB5D-2000-44B0-A66B-35513F8DB3D9}.Debug|Any CPU.Build.0 = Debug|Any CPU
		{022CCB5D-2000-44B0-A66B-35513F8DB3D9}.Release|Any CPU.ActiveCfg = Release|Any CPU
		{022CCB5D-2000-44B0-A66B-35513F8DB3D9}.Release|Any CPU.Build.0 = Release|Any CPU
		{421C5BF9-43A0-4C7D-ACD5-49E045CE870C}.Debug|Any CPU.ActiveCfg = Debug|Any CPU
		{421C5BF9-43A0-4C7D-ACD5-49E045CE870C}.Debug|Any CPU.Build.0 = Debug|Any CPU
		{421C5BF9-43A0-4C7D-ACD5-49E045CE870C}.Release|Any CPU.ActiveCfg = Release|Any CPU
		{421C5BF9-43A0-4C7D-ACD5-49E045CE870C}.Release|Any CPU.Build.0 = Release|Any CPU
	EndGlobalSection
	GlobalSection(SolutionProperties) = preSolution
		HideSolutionNode = FALSE
	EndGlobalSection
	GlobalSection(NestedProjects) = preSolution
		{6D8996B8-8465-435F-9C5F-208846265CCD} = {2166B379-1752-4886-9EB4-C7DBE9423FF4}
		{022CCB5D-2000-44B0-A66B-35513F8DB3D9} = {068BD169-9733-4383-A74B-40AEA1880402}
		{421C5BF9-43A0-4C7D-ACD5-49E045CE870C} = {5C979006-7C54-4284-8864-95A04BE25FAF}
	EndGlobalSection
	GlobalSection(ExtensibilityGlobals) = postSolution
		SolutionGuid = {DAA2514C-67F4-4C3A-B87F-399CA5A38666}
	EndGlobalSection
EndGlobal
